
Microsoft Visual Studio Solution File, Format Version 12.00
# Visual Studio Version 16
VisualStudioVersion = 16.0.29613.14
MinimumVisualStudioVersion = 10.0.40219.1
Project("{FAE04EC0-301F-11D3-BF4B-00C04F79EFBC}") = "Lab7", "Lab7\Lab7.csproj", "{8BA988AD-E0FD-4259-8183-3709F3E514DA}"
EndProject
Global
	GlobalSection(SolutionConfigurationPlatforms) = preSolution
		Debug|Any CPU = Debug|Any CPU
		Release|Any CPU = Release|Any CPU
	EndGlobalSection
	GlobalSection(ProjectConfigurationPlatforms) = postSolution
		{8BA988AD-E0FD-4259-8183-3709F3E514DA}.Debug|Any CPU.ActiveCfg = Debug|Any CPU
		{8BA988AD-E0FD-4259-8183-3709F3E514DA}.Debug|Any CPU.Build.0 = Debug|Any CPU
		{8BA988AD-E0FD-4259-8183-3709F3E514DA}.Release|Any CPU.ActiveCfg = Release|Any CPU
		{8BA988AD-E0FD-4259-8183-3709F3E514DA}.Release|Any CPU.Build.0 = Release|Any CPU
	EndGlobalSection
	GlobalSection(SolutionProperties) = preSolution
		HideSolutionNode = FALSE
	EndGlobalSection
	GlobalSection(ExtensibilityGlobals) = postSolution
		SolutionGuid = {DC03D9D8-B5A9-44A1-8DC1-24B53C944829}
	EndGlobalSection
EndGlobal
